{
	"name": "ipfs",
	"version": "0.51.2",
	"lockfileVersion": 1,
	"requires": true,
	"dependencies": {
		"libp2p-delegated-content-routing": {
			"version": "0.5.0",
			"resolved": "https://registry.npmjs.org/libp2p-delegated-content-routing/-/libp2p-delegated-content-routing-0.5.0.tgz",
			"integrity": "sha512-ag5gt752n0TynbRsQN1JMF0FzSdMpHOprNdVm6vq/rsz/8wMGh9WxN+a1Zp9VoPp5rGHe7LTom13ziFf1Z/Nyg==",
			"requires": {
				"debug": "^4.1.1",
				"it-all": "^1.0.0",
				"multiaddr": "^7.4.3",
				"p-defer": "^3.0.0",
				"p-queue": "^6.2.1"
			},
			"dependencies": {
				"base-x": {
					"version": "3.0.8",
					"resolved": "https://registry.npmjs.org/base-x/-/base-x-3.0.8.tgz",
					"integrity": "sha512-Rl/1AWP4J/zRrk54hhlxH4drNxPJXYUaKffODVI53/dAsV4t9fBxyxYKAVPU1XBHxYwOWP9h9H0hM2MVw4YfJA==",
					"requires": {
						"safe-buffer": "^5.0.1"
					}
				},
				"base64-js": {
					"version": "1.3.1",
					"resolved": "https://registry.npmjs.org/base64-js/-/base64-js-1.3.1.tgz",
					"integrity": "sha512-mLQ4i2QO1ytvGWFWmcngKO//JXAQueZvwEKtjgQFM4jIK0kU+ytMfplL8j+n5mspOfjHwoAg+9yhb7BwAHm36g=="
				},
				"buffer": {
					"version": "5.6.0",
					"resolved": "https://registry.npmjs.org/buffer/-/buffer-5.6.0.tgz",
					"integrity": "sha512-/gDYp/UtU0eA1ys8bOs9J6a+E/KWIY+DZ+Q2WESNUA0jFRsJOc0SNUO6xJ5SGA1xueg3NL65W6s+NY5l9cunuw==",
					"requires": {
						"base64-js": "^1.0.2",
						"ieee754": "^1.1.4"
					}
				},
				"cids": {
					"version": "0.8.3",
					"resolved": "https://registry.npmjs.org/cids/-/cids-0.8.3.tgz",
					"integrity": "sha512-yoXTbV3llpm+EBGWKeL9xKtksPE/s6DPoDSY4fn8I8TEW1zehWXPSB0pwAXVDlLaOlrw+sNynj995uD9abmPhA==",
					"requires": {
						"buffer": "^5.6.0",
						"class-is": "^1.1.0",
						"multibase": "^1.0.0",
						"multicodec": "^1.0.1",
						"multihashes": "^1.0.1"
					},
					"dependencies": {
						"multibase": {
							"version": "1.0.1",
							"resolved": "https://registry.npmjs.org/multibase/-/multibase-1.0.1.tgz",
							"integrity": "sha512-KcCxpBVY8fdVKu4dJMAahq4F/2Z/9xqEjIiR7PiMe7LRGeorFn2NLmicN6nLBCqQvft6MG2Lc9X5P0IdyvnxEw==",
							"requires": {
								"base-x": "^3.0.8",
								"buffer": "^5.5.0"
							}
						}
					}
				},
				"class-is": {
					"version": "1.1.0",
					"resolved": "https://registry.npmjs.org/class-is/-/class-is-1.1.0.tgz",
					"integrity": "sha512-rhjH9AG1fvabIDoGRVH587413LPjTZgmDF9fOFCbFJQV4yuocX1mHxxvXI4g3cGwbVY9wAYIoKlg1N79frJKQw=="
				},
				"debug": {
					"version": "4.1.1",
					"resolved": "https://registry.npmjs.org/debug/-/debug-4.1.1.tgz",
					"integrity": "sha512-pYAIzeRo8J6KPEaJ0VWOh5Pzkbw/RetuzehGM7QRRX5he4fPHx2rdKMB256ehJCkX+XRQm16eZLqLNS8RSZXZw==",
					"requires": {
						"ms": "^2.1.1"
					}
				},
				"eventemitter3": {
					"version": "4.0.4",
					"resolved": "https://registry.npmjs.org/eventemitter3/-/eventemitter3-4.0.4.tgz",
					"integrity": "sha512-rlaVLnVxtxvoyLsQQFBx53YmXHDxRIzzTLbdfxqi4yocpSjAxXwkU0cScM5JgSKMqEhrZpnvQ2D9gjylR0AimQ=="
				},
				"ieee754": {
					"version": "1.1.13",
					"resolved": "https://registry.npmjs.org/ieee754/-/ieee754-1.1.13.tgz",
					"integrity": "sha512-4vf7I2LYV/HaWerSo3XmlMkp5eZ83i+/CDluXi/IGTs/O1sejBNhTtnxzmRZfvOUqj7lZjqHkeTvpgSFDlWZTg=="
				},
				"ip-regex": {
					"version": "4.1.0",
					"resolved": "https://registry.npmjs.org/ip-regex/-/ip-regex-4.1.0.tgz",
					"integrity": "sha512-pKnZpbgCTfH/1NLIlOduP/V+WRXzC2MOz3Qo8xmxk8C5GudJLgK5QyLVXOSWy3ParAH7Eemurl3xjv/WXYFvMA=="
				},
				"is-ip": {
					"version": "3.1.0",
					"resolved": "https://registry.npmjs.org/is-ip/-/is-ip-3.1.0.tgz",
					"integrity": "sha512-35vd5necO7IitFPjd/YBeqwWnyDWbuLH9ZXQdMfDA8TEo7pv5X8yfrvVO3xbJbLUlERCMvf6X0hTUamQxCYJ9Q==",
					"requires": {
						"ip-regex": "^4.0.0"
					}
				},
				"it-all": {
					"version": "1.0.2",
					"resolved": "https://registry.npmjs.org/it-all/-/it-all-1.0.2.tgz",
					"integrity": "sha512-3hrCLLcuHS1/VUn1qETPuh9rFTw31SBCUUijjs41VJ+oQGx3H+3Lpxo1bFD3q3570w3o99a+sfRGic5PBBt3Vg=="
				},
				"ms": {
					"version": "2.1.2",
					"resolved": "https://registry.npmjs.org/ms/-/ms-2.1.2.tgz",
					"integrity": "sha512-sGkPx+VjMtmA6MX27oA4FBFELFCZZ4S4XqeGOXCv68tT+jb3vk/RyaKWP0PTKyWtmLSM0b+adUTEvbs1PEaH2w=="
				},
				"multiaddr": {
					"version": "7.5.0",
					"resolved": "https://registry.npmjs.org/multiaddr/-/multiaddr-7.5.0.tgz",
					"integrity": "sha512-GvhHsIGDULh06jyb6ev+VfREH9evJCFIRnh3jUt9iEZ6XDbyoisZRFEI9bMvK/AiR6y66y6P+eoBw9mBYMhMvw==",
					"requires": {
						"buffer": "^5.5.0",
						"cids": "~0.8.0",
						"class-is": "^1.1.0",
						"is-ip": "^3.1.0",
						"multibase": "^0.7.0",
						"varint": "^5.0.0"
					}
				},
				"multibase": {
					"version": "0.7.0",
					"resolved": "https://registry.npmjs.org/multibase/-/multibase-0.7.0.tgz",
					"integrity": "sha512-TW8q03O0f6PNFTQDvh3xxH03c8CjGaaYrjkl9UQPG6rz53TQzzxJVCIWVjzcbN/Q5Y53Zd0IBQBMVktVgNx4Fg==",
					"requires": {
						"base-x": "^3.0.8",
						"buffer": "^5.5.0"
					}
				},
				"multicodec": {
					"version": "1.0.4",
					"resolved": "https://registry.npmjs.org/multicodec/-/multicodec-1.0.4.tgz",
					"integrity": "sha512-NDd7FeS3QamVtbgfvu5h7fd1IlbaC4EQ0/pgU4zqE2vdHCmBGsUa0TiM8/TdSeG6BMPC92OOCf8F1ocE/Wkrrg==",
					"requires": {
						"buffer": "^5.6.0",
						"varint": "^5.0.0"
					}
				},
				"multihashes": {
					"version": "1.0.1",
					"resolved": "https://registry.npmjs.org/multihashes/-/multihashes-1.0.1.tgz",
					"integrity": "sha512-S27Tepg4i8atNiFaU5ZOm3+gl3KQlUanLs/jWcBxQHFttgq+5x1OgbQmf2d8axJ/48zYGBd/wT9d723USMFduw==",
					"requires": {
						"buffer": "^5.6.0",
						"multibase": "^1.0.1",
						"varint": "^5.0.0"
					},
					"dependencies": {
						"multibase": {
							"version": "1.0.1",
							"resolved": "https://registry.npmjs.org/multibase/-/multibase-1.0.1.tgz",
							"integrity": "sha512-KcCxpBVY8fdVKu4dJMAahq4F/2Z/9xqEjIiR7PiMe7LRGeorFn2NLmicN6nLBCqQvft6MG2Lc9X5P0IdyvnxEw==",
							"requires": {
								"base-x": "^3.0.8",
								"buffer": "^5.5.0"
							}
						}
					}
				},
				"p-defer": {
					"version": "3.0.0",
					"resolved": "https://registry.npmjs.org/p-defer/-/p-defer-3.0.0.tgz",
					"integrity": "sha512-ugZxsxmtTln604yeYd29EGrNhazN2lywetzpKhfmQjW/VJmhpDmWbiX+h0zL8V91R0UXkhb3KtPmyq9PZw3aYw=="
				},
				"p-finally": {
					"version": "1.0.0",
					"resolved": "https://registry.npmjs.org/p-finally/-/p-finally-1.0.0.tgz",
					"integrity": "sha1-P7z7FbiZpEEjs0ttzBi3JDNqLK4="
				},
				"p-queue": {
					"version": "6.6.0",
					"resolved": "https://registry.npmjs.org/p-queue/-/p-queue-6.6.0.tgz",
					"integrity": "sha512-zPHXPNy9jZsiym0PpJjvnHQysx1fSd/QdaNVwiDRLU2KFChD6h9CkCB6b8i3U8lBwJyA+mHgNZCzcy77glUssQ==",
					"requires": {
						"eventemitter3": "^4.0.4",
						"p-timeout": "^3.1.0"
					}
				},
				"p-timeout": {
					"version": "3.2.0",
					"resolved": "https://registry.npmjs.org/p-timeout/-/p-timeout-3.2.0.tgz",
					"integrity": "sha512-rhIwUycgwwKcP9yTOOFK/AKsAopjjCakVqLHePO3CC6Mir1Z99xT+R63jZxAT5lFZLa2inS5h+ZS2GvR99/FBg==",
					"requires": {
						"p-finally": "^1.0.0"
					}
				},
				"safe-buffer": {
					"version": "5.2.1",
					"resolved": "https://registry.npmjs.org/safe-buffer/-/safe-buffer-5.2.1.tgz",
					"integrity": "sha512-rp3So07KcdmmKbGvgaNxQSJr7bGVSVk5S9Eq1F+ppbRo70+YeaDxkw5Dd8NPN+GD6bjnYm2VuPuCXmpuYvmCXQ=="
				},
				"varint": {
					"version": "5.0.0",
					"resolved": "https://registry.npmjs.org/varint/-/varint-5.0.0.tgz",
					"integrity": "sha1-2Ca4n3SQcy+rwMDtaT7Uddyynr8="
				}
			}
		},
		"libp2p-delegated-peer-routing": {
			"version": "0.5.0",
			"resolved": "https://registry.npmjs.org/libp2p-delegated-peer-routing/-/libp2p-delegated-peer-routing-0.5.0.tgz",
			"integrity": "sha512-crnVXH56bTj0hqqsEb4xmfrZrdIxOBqnFp2D19inxTVwZtpg/Je1XJZDGSG2JJ2EnXxFGTNPFHcB5AIm8avDEg==",
			"requires": {
				"debug": "^4.1.1",
				"p-queue": "^6.3.0",
				"peer-id": "^0.13.11"
			},
			"dependencies": {
				"asn1.js": {
					"version": "5.4.1",
					"resolved": "https://registry.npmjs.org/asn1.js/-/asn1.js-5.4.1.tgz",
					"integrity": "sha512-+I//4cYPccV8LdmBLiX8CYvf9Sp3vQsrqu2QNXRcrbiWvcx/UdlFiqUJJzxRQxgsZmvhXhn4cSKeSmoFjVdupA==",
					"requires": {
						"bn.js": "^4.0.0",
						"inherits": "^2.0.1",
						"minimalistic-assert": "^1.0.0",
						"safer-buffer": "^2.1.0"
					}
				},
				"base-x": {
					"version": "3.0.8",
					"resolved": "https://registry.npmjs.org/base-x/-/base-x-3.0.8.tgz",
					"integrity": "sha512-Rl/1AWP4J/zRrk54hhlxH4drNxPJXYUaKffODVI53/dAsV4t9fBxyxYKAVPU1XBHxYwOWP9h9H0hM2MVw4YfJA==",
					"requires": {
						"safe-buffer": "^5.0.1"
					}
				},
				"base64-js": {
					"version": "1.3.1",
					"resolved": "https://registry.npmjs.org/base64-js/-/base64-js-1.3.1.tgz",
					"integrity": "sha512-mLQ4i2QO1ytvGWFWmcngKO//JXAQueZvwEKtjgQFM4jIK0kU+ytMfplL8j+n5mspOfjHwoAg+9yhb7BwAHm36g=="
				},
				"bindings": {
					"version": "1.5.0",
					"resolved": "https://registry.npmjs.org/bindings/-/bindings-1.5.0.tgz",
					"integrity": "sha512-p2q/t/mhvuOj/UeLlV6566GD/guowlr0hHxClI0W9m7MWYkL1F0hLo+0Aexs9HSPCtR1SXQ0TD3MMKrXZajbiQ==",
					"requires": {
						"file-uri-to-path": "1.0.0"
					}
				},
				"blakejs": {
					"version": "1.1.0",
					"resolved": "https://registry.npmjs.org/blakejs/-/blakejs-1.1.0.tgz",
					"integrity": "sha1-ad+S75U6qIylGjLfarHFShVfx6U="
				},
				"bn.js": {
					"version": "4.11.9",
					"resolved": "https://registry.npmjs.org/bn.js/-/bn.js-4.11.9.tgz",
					"integrity": "sha512-E6QoYqCKZfgatHTdHzs1RRKP7ip4vvm+EyRUeE2RF0NblwVvb0p6jSVeNTOFxPn26QXN2o6SMfNxKp6kU8zQaw=="
				},
				"brorand": {
					"version": "1.1.0",
					"resolved": "https://registry.npmjs.org/brorand/-/brorand-1.1.0.tgz",
					"integrity": "sha1-EsJe/kCkXjwyPrhnWgoM5XsiNx8="
				},
				"buffer": {
					"version": "5.6.0",
					"resolved": "https://registry.npmjs.org/buffer/-/buffer-5.6.0.tgz",
					"integrity": "sha512-/gDYp/UtU0eA1ys8bOs9J6a+E/KWIY+DZ+Q2WESNUA0jFRsJOc0SNUO6xJ5SGA1xueg3NL65W6s+NY5l9cunuw==",
					"requires": {
						"base64-js": "^1.0.2",
						"ieee754": "^1.1.4"
					}
				},
				"cids": {
					"version": "0.8.3",
					"resolved": "https://registry.npmjs.org/cids/-/cids-0.8.3.tgz",
					"integrity": "sha512-yoXTbV3llpm+EBGWKeL9xKtksPE/s6DPoDSY4fn8I8TEW1zehWXPSB0pwAXVDlLaOlrw+sNynj995uD9abmPhA==",
					"requires": {
						"buffer": "^5.6.0",
						"class-is": "^1.1.0",
						"multibase": "^1.0.0",
						"multicodec": "^1.0.1",
						"multihashes": "^1.0.1"
					}
				},
				"class-is": {
					"version": "1.1.0",
					"resolved": "https://registry.npmjs.org/class-is/-/class-is-1.1.0.tgz",
					"integrity": "sha512-rhjH9AG1fvabIDoGRVH587413LPjTZgmDF9fOFCbFJQV4yuocX1mHxxvXI4g3cGwbVY9wAYIoKlg1N79frJKQw=="
				},
				"debug": {
					"version": "4.1.1",
					"resolved": "https://registry.npmjs.org/debug/-/debug-4.1.1.tgz",
					"integrity": "sha512-pYAIzeRo8J6KPEaJ0VWOh5Pzkbw/RetuzehGM7QRRX5he4fPHx2rdKMB256ehJCkX+XRQm16eZLqLNS8RSZXZw==",
					"requires": {
						"ms": "^2.1.1"
					}
				},
				"elliptic": {
					"version": "6.5.3",
					"resolved": "https://registry.npmjs.org/elliptic/-/elliptic-6.5.3.tgz",
					"integrity": "sha512-IMqzv5wNQf+E6aHeIqATs0tOLeOTwj1QKbRcS3jBbYkl5oLAserA8yJTT7/VyHUYG91PRmPyeQDObKLPpeS4dw==",
					"requires": {
						"bn.js": "^4.4.0",
						"brorand": "^1.0.1",
						"hash.js": "^1.0.0",
						"hmac-drbg": "^1.0.0",
						"inherits": "^2.0.1",
						"minimalistic-assert": "^1.0.0",
						"minimalistic-crypto-utils": "^1.0.0"
					}
				},
				"err-code": {
					"version": "2.0.3",
					"resolved": "https://registry.npmjs.org/err-code/-/err-code-2.0.3.tgz",
					"integrity": "sha512-2bmlRpNKBxT/CRmPOlyISQpNj+qSeYvcym/uT0Jx2bMOlKLtSy1ZmLuVxSEKKyor/N5yhvp/ZiG1oE3DEYMSFA=="
				},
				"eventemitter3": {
					"version": "4.0.4",
					"resolved": "https://registry.npmjs.org/eventemitter3/-/eventemitter3-4.0.4.tgz",
					"integrity": "sha512-rlaVLnVxtxvoyLsQQFBx53YmXHDxRIzzTLbdfxqi4yocpSjAxXwkU0cScM5JgSKMqEhrZpnvQ2D9gjylR0AimQ=="
				},
				"file-uri-to-path": {
					"version": "1.0.0",
					"resolved": "https://registry.npmjs.org/file-uri-to-path/-/file-uri-to-path-1.0.0.tgz",
					"integrity": "sha512-0Zt+s3L7Vf1biwWZ29aARiVYLx7iMGnEUl9x33fbB/j3jR81u/O2LbqK+Bm1CDSNDKVtJ/YjwY7TUd5SkeLQLw=="
				},
				"hash.js": {
					"version": "1.1.7",
					"resolved": "https://registry.npmjs.org/hash.js/-/hash.js-1.1.7.tgz",
					"integrity": "sha512-taOaskGt4z4SOANNseOviYDvjEJinIkRgmp7LbKP2YTTmVxWBl87s/uzK9r+44BclBSp2X7K1hqeNfz9JbBeXA==",
					"requires": {
						"inherits": "^2.0.3",
						"minimalistic-assert": "^1.0.1"
					}
				},
				"hmac-drbg": {
					"version": "1.0.1",
					"resolved": "https://registry.npmjs.org/hmac-drbg/-/hmac-drbg-1.0.1.tgz",
					"integrity": "sha1-0nRXAQJabHdabFRXk+1QL8DGSaE=",
					"requires": {
						"hash.js": "^1.0.3",
						"minimalistic-assert": "^1.0.0",
						"minimalistic-crypto-utils": "^1.0.1"
					}
				},
				"ieee754": {
					"version": "1.1.13",
					"resolved": "https://registry.npmjs.org/ieee754/-/ieee754-1.1.13.tgz",
					"integrity": "sha512-4vf7I2LYV/HaWerSo3XmlMkp5eZ83i+/CDluXi/IGTs/O1sejBNhTtnxzmRZfvOUqj7lZjqHkeTvpgSFDlWZTg=="
				},
				"inherits": {
					"version": "2.0.4",
					"resolved": "https://registry.npmjs.org/inherits/-/inherits-2.0.4.tgz",
					"integrity": "sha512-k/vGaX4/Yla3WzyMCvTQOXYeIHvqOKtnqBduzTHpzpQZzAskKMhZ2K+EnBiSM9zGSoIFeMpXKxa4dYeZIQqewQ=="
				},
				"is-typedarray": {
					"version": "1.0.0",
					"resolved": "https://registry.npmjs.org/is-typedarray/-/is-typedarray-1.0.0.tgz",
					"integrity": "sha1-5HnICFjfDBsR3dppQPlgEfzaSpo="
				},
				"iso-random-stream": {
					"version": "1.1.1",
					"resolved": "https://registry.npmjs.org/iso-random-stream/-/iso-random-stream-1.1.1.tgz",
					"integrity": "sha512-YEt/7xOwTdu4KXIgtdgGFkiLUsBaddbnkmHyaFdjJYIcD7V4gpQHPvYC5tyh3kA0PQ01y9lWm1ruVdf8Mqzovg==",
					"requires": {
						"buffer": "^5.4.3",
						"readable-stream": "^3.4.0"
					}
				},
				"js-sha3": {
					"version": "0.8.0",
					"resolved": "https://registry.npmjs.org/js-sha3/-/js-sha3-0.8.0.tgz",
					"integrity": "sha512-gF1cRrHhIzNfToc802P800N8PpXS+evLLXfsVpowqmAFR9uwbi89WvXg2QspOmXL8QL86J4T1EpFu+yUkwJY3Q=="
				},
				"keypair": {
					"version": "1.0.1",
					"resolved": "https://registry.npmjs.org/keypair/-/keypair-1.0.1.tgz",
					"integrity": "sha1-dgNxknCvtlZO04oiCHoG/Jqk6hs="
				},
				"libp2p-crypto": {
					"version": "0.17.8",
					"resolved": "https://registry.npmjs.org/libp2p-crypto/-/libp2p-crypto-0.17.8.tgz",
					"integrity": "sha512-jm5k4oqgV8NX9so65meWBkGC5bk6zvXyXWZKKUcnQcHHKnHUhuhIopSxIoBi5MDOrI1iLxn19+YOBFgSHkSaiA==",
					"requires": {
						"buffer": "^5.5.0",
						"err-code": "^2.0.0",
						"is-typedarray": "^1.0.0",
						"iso-random-stream": "^1.1.0",
						"keypair": "^1.0.1",
						"multibase": "^0.7.0",
						"multihashing-async": "^0.8.1",
						"node-forge": "^0.9.1",
						"pem-jwk": "^2.0.0",
						"protons": "^1.0.1",
						"secp256k1": "^4.0.0",
						"ursa-optional": "~0.10.1"
					},
					"dependencies": {
						"multibase": {
							"version": "0.7.0",
							"resolved": "https://registry.npmjs.org/multibase/-/multibase-0.7.0.tgz",
							"integrity": "sha512-TW8q03O0f6PNFTQDvh3xxH03c8CjGaaYrjkl9UQPG6rz53TQzzxJVCIWVjzcbN/Q5Y53Zd0IBQBMVktVgNx4Fg==",
							"requires": {
								"base-x": "^3.0.8",
								"buffer": "^5.5.0"
							}
						}
					}
				},
				"minimalistic-assert": {
					"version": "1.0.1",
					"resolved": "https://registry.npmjs.org/minimalistic-assert/-/minimalistic-assert-1.0.1.tgz",
					"integrity": "sha512-UtJcAD4yEaGtjPezWuO9wC4nwUnVH/8/Im3yEHQP4b67cXlD/Qr9hdITCU1xDbSEXg2XKNaP8jsReV7vQd00/A=="
				},
				"minimalistic-crypto-utils": {
					"version": "1.0.1",
					"resolved": "https://registry.npmjs.org/minimalistic-crypto-utils/-/minimalistic-crypto-utils-1.0.1.tgz",
					"integrity": "sha1-9sAMHAsIIkblxNmd+4x8CDsrWCo="
				},
				"minimist": {
					"version": "1.2.5",
					"resolved": "https://registry.npmjs.org/minimist/-/minimist-1.2.5.tgz",
					"integrity": "sha512-FM9nNUYrRBAELZQT3xeZQ7fmMOBg6nWNmJKTcgsJeaLstP/UODVpGsr5OhXhhXg6f+qtJ8uiZ+PUxkDWcgIXLw=="
				},
				"ms": {
					"version": "2.1.2",
					"resolved": "https://registry.npmjs.org/ms/-/ms-2.1.2.tgz",
					"integrity": "sha512-sGkPx+VjMtmA6MX27oA4FBFELFCZZ4S4XqeGOXCv68tT+jb3vk/RyaKWP0PTKyWtmLSM0b+adUTEvbs1PEaH2w=="
				},
				"multibase": {
					"version": "1.0.1",
					"resolved": "https://registry.npmjs.org/multibase/-/multibase-1.0.1.tgz",
					"integrity": "sha512-KcCxpBVY8fdVKu4dJMAahq4F/2Z/9xqEjIiR7PiMe7LRGeorFn2NLmicN6nLBCqQvft6MG2Lc9X5P0IdyvnxEw==",
					"requires": {
						"base-x": "^3.0.8",
						"buffer": "^5.5.0"
					}
				},
				"multicodec": {
					"version": "1.0.4",
					"resolved": "https://registry.npmjs.org/multicodec/-/multicodec-1.0.4.tgz",
					"integrity": "sha512-NDd7FeS3QamVtbgfvu5h7fd1IlbaC4EQ0/pgU4zqE2vdHCmBGsUa0TiM8/TdSeG6BMPC92OOCf8F1ocE/Wkrrg==",
					"requires": {
						"buffer": "^5.6.0",
						"varint": "^5.0.0"
					}
				},
				"multihashes": {
					"version": "1.0.1",
					"resolved": "https://registry.npmjs.org/multihashes/-/multihashes-1.0.1.tgz",
					"integrity": "sha512-S27Tepg4i8atNiFaU5ZOm3+gl3KQlUanLs/jWcBxQHFttgq+5x1OgbQmf2d8axJ/48zYGBd/wT9d723USMFduw==",
					"requires": {
						"buffer": "^5.6.0",
						"multibase": "^1.0.1",
						"varint": "^5.0.0"
					}
				},
				"multihashing-async": {
					"version": "0.8.2",
					"resolved": "https://registry.npmjs.org/multihashing-async/-/multihashing-async-0.8.2.tgz",
					"integrity": "sha512-2lKa1autuCy8x7KIEj9aVNbAb3aIMRFYIwN7mq/zD4pxgNIVgGlm+f6GKY4880EOF2Y3GktHYssRy7TAJQ2DyQ==",
					"requires": {
						"blakejs": "^1.1.0",
						"buffer": "^5.4.3",
						"err-code": "^2.0.0",
						"js-sha3": "^0.8.0",
						"multihashes": "^1.0.1",
						"murmurhash3js-revisited": "^3.0.0"
					}
				},
				"murmurhash3js-revisited": {
					"version": "3.0.0",
					"resolved": "https://registry.npmjs.org/murmurhash3js-revisited/-/murmurhash3js-revisited-3.0.0.tgz",
					"integrity": "sha512-/sF3ee6zvScXMb1XFJ8gDsSnY+X8PbOyjIuBhtgis10W2Jx4ZjIhikUCIF9c4gpJxVnQIsPAFrSwTCuAjicP6g=="
				},
				"nan": {
					"version": "2.14.1",
					"resolved": "https://registry.npmjs.org/nan/-/nan-2.14.1.tgz",
					"integrity": "sha512-isWHgVjnFjh2x2yuJ/tj3JbwoHu3UC2dX5G/88Cm24yB6YopVgxvBObDY7n5xW6ExmFhJpSEQqFPvq9zaXc8Jw=="
				},
				"node-addon-api": {
					"version": "2.0.2",
					"resolved": "https://registry.npmjs.org/node-addon-api/-/node-addon-api-2.0.2.tgz",
					"integrity": "sha512-Ntyt4AIXyaLIuMHF6IOoTakB3K+RWxwtsHNRxllEoA6vPwP9o4866g6YWDLUdnucilZhmkxiHwHr11gAENw+QA=="
				},
				"node-forge": {
					"version": "0.9.1",
					"resolved": "https://registry.npmjs.org/node-forge/-/node-forge-0.9.1.tgz",
					"integrity": "sha512-G6RlQt5Sb4GMBzXvhfkeFmbqR6MzhtnT7VTHuLadjkii3rdYHNdw0m8zA4BTxVIh68FicCQ2NSUANpsqkr9jvQ=="
				},
				"node-gyp-build": {
					"version": "4.2.3",
					"resolved": "https://registry.npmjs.org/node-gyp-build/-/node-gyp-build-4.2.3.tgz",
					"integrity": "sha512-MN6ZpzmfNCRM+3t57PTJHgHyw/h4OWnZ6mR8P5j/uZtqQr46RRuDE/P+g3n0YR/AiYXeWixZZzaip77gdICfRg=="
				},
				"p-finally": {
					"version": "1.0.0",
					"resolved": "https://registry.npmjs.org/p-finally/-/p-finally-1.0.0.tgz",
					"integrity": "sha1-P7z7FbiZpEEjs0ttzBi3JDNqLK4="
				},
				"p-queue": {
					"version": "6.6.0",
					"resolved": "https://registry.npmjs.org/p-queue/-/p-queue-6.6.0.tgz",
					"integrity": "sha512-zPHXPNy9jZsiym0PpJjvnHQysx1fSd/QdaNVwiDRLU2KFChD6h9CkCB6b8i3U8lBwJyA+mHgNZCzcy77glUssQ==",
					"requires": {
						"eventemitter3": "^4.0.4",
						"p-timeout": "^3.1.0"
					}
				},
				"p-timeout": {
					"version": "3.2.0",
					"resolved": "https://registry.npmjs.org/p-timeout/-/p-timeout-3.2.0.tgz",
					"integrity": "sha512-rhIwUycgwwKcP9yTOOFK/AKsAopjjCakVqLHePO3CC6Mir1Z99xT+R63jZxAT5lFZLa2inS5h+ZS2GvR99/FBg==",
					"requires": {
						"p-finally": "^1.0.0"
					}
				},
				"peer-id": {
					"version": "0.13.13",
					"resolved": "https://registry.npmjs.org/peer-id/-/peer-id-0.13.13.tgz",
					"integrity": "sha512-5FpBXN6PDTcHs51gkHWPf0OIQZAO3Z10i6lWc+GaoxTU4bQHtsoKFnhxoXo5Ze04JblpzIrtowkluLSCLP1WYg==",
					"requires": {
						"buffer": "^5.5.0",
						"cids": "^0.8.0",
						"class-is": "^1.1.0",
						"libp2p-crypto": "^0.17.7",
						"minimist": "^1.2.5",
						"multihashes": "^1.0.1",
						"protons": "^1.0.2"
					}
				},
				"pem-jwk": {
					"version": "2.0.0",
					"resolved": "https://registry.npmjs.org/pem-jwk/-/pem-jwk-2.0.0.tgz",
					"integrity": "sha512-rFxu7rVoHgQ5H9YsP50dDWf0rHjreVA2z0yPiWr5WdH/UHb29hKtF7h6l8vNd1cbYR1t0QL+JKhW55a2ZV4KtA==",
					"requires": {
						"asn1.js": "^5.0.1"
					}
				},
				"protocol-buffers-schema": {
					"version": "3.4.0",
					"resolved": "https://registry.npmjs.org/protocol-buffers-schema/-/protocol-buffers-schema-3.4.0.tgz",
					"integrity": "sha512-G/2kcamPF2S49W5yaMGdIpkG6+5wZF0fzBteLKgEHjbNzqjZQ85aAs1iJGto31EJaSTkNvHs5IXuHSaTLWBAiA=="
				},
				"protons": {
					"version": "1.2.1",
					"resolved": "https://registry.npmjs.org/protons/-/protons-1.2.1.tgz",
					"integrity": "sha512-2oqDyc/SN+tNcJf8XxrXhYL7sQn2/OMl8mSdD7NVGsWjMEmAbks4eDVnCyf0vAoRbBWyWTEXWk4D8XfuKVl3zg==",
					"requires": {
						"buffer": "^5.5.0",
						"protocol-buffers-schema": "^3.3.1",
						"signed-varint": "^2.0.1",
						"varint": "^5.0.0"
					}
				},
				"readable-stream": {
					"version": "3.6.0",
					"resolved": "https://registry.npmjs.org/readable-stream/-/readable-stream-3.6.0.tgz",
					"integrity": "sha512-BViHy7LKeTz4oNnkcLJ+lVSL6vpiFeX6/d3oSH8zCW7UxP2onchk+vTGB143xuFjHS3deTgkKoXXymXqymiIdA==",
					"requires": {
						"inherits": "^2.0.3",
						"string_decoder": "^1.1.1",
						"util-deprecate": "^1.0.1"
					}
				},
				"safe-buffer": {
					"version": "5.2.1",
					"resolved": "https://registry.npmjs.org/safe-buffer/-/safe-buffer-5.2.1.tgz",
					"integrity": "sha512-rp3So07KcdmmKbGvgaNxQSJr7bGVSVk5S9Eq1F+ppbRo70+YeaDxkw5Dd8NPN+GD6bjnYm2VuPuCXmpuYvmCXQ=="
				},
				"safer-buffer": {
					"version": "2.1.2",
					"resolved": "https://registry.npmjs.org/safer-buffer/-/safer-buffer-2.1.2.tgz",
					"integrity": "sha512-YZo3K82SD7Riyi0E1EQPojLz7kpepnSQI9IyPbHHg1XXXevb5dJI7tpyN2ADxGcQbHG7vcyRHk0cbwqcQriUtg=="
				},
				"secp256k1": {
					"version": "4.0.2",
					"resolved": "https://registry.npmjs.org/secp256k1/-/secp256k1-4.0.2.tgz",
					"integrity": "sha512-UDar4sKvWAksIlfX3xIaQReADn+WFnHvbVujpcbr+9Sf/69odMwy2MUsz5CKLQgX9nsIyrjuxL2imVyoNHa3fg==",
					"requires": {
						"elliptic": "^6.5.2",
						"node-addon-api": "^2.0.0",
						"node-gyp-build": "^4.2.0"
					}
				},
				"signed-varint": {
					"version": "2.0.1",
					"resolved": "https://registry.npmjs.org/signed-varint/-/signed-varint-2.0.1.tgz",
					"integrity": "sha1-UKmYnafJjCxh2tEZvJdHDvhSgSk=",
					"requires": {
						"varint": "~5.0.0"
					}
				},
				"string_decoder": {
					"version": "1.3.0",
					"resolved": "https://registry.npmjs.org/string_decoder/-/string_decoder-1.3.0.tgz",
					"integrity": "sha512-hkRX8U1WjJFd8LsDJ2yQ/wWWxaopEsABU1XfkM8A+j0+85JAGppt16cr1Whg6KIbb4okU6Mql6BOj+uup/wKeA==",
					"requires": {
						"safe-buffer": "~5.2.0"
					}
				},
				"ursa-optional": {
					"version": "0.10.1",
					"resolved": "https://registry.npmjs.org/ursa-optional/-/ursa-optional-0.10.1.tgz",
					"integrity": "sha512-/pgpBXVJut57dHNrdGF+1/qXi+5B7JrlmZDWPSyoivEcbwFWRZJBJGkWb6ivknMBA3bnFA7lqsb6iHiFfp79QQ==",
					"requires": {
						"bindings": "^1.5.0",
						"nan": "^2.14.0"
					}
				},
				"util-deprecate": {
					"version": "1.0.2",
					"resolved": "https://registry.npmjs.org/util-deprecate/-/util-deprecate-1.0.2.tgz",
					"integrity": "sha1-RQ1Nyfpw3nMnYvvS1KKJgUGaDM8="
				},
				"varint": {
					"version": "5.0.0",
					"resolved": "https://registry.npmjs.org/varint/-/varint-5.0.0.tgz",
					"integrity": "sha1-2Ca4n3SQcy+rwMDtaT7Uddyynr8="
				}
			}
		}
	}
}
