{
	"name": "interface-ipfs-core",
	"version": "0.140.0",
	"lockfileVersion": 1,
	"requires": true,
	"dependencies": {
		"it-drain": {
			"version": "1.0.1",
			"resolved": "https://registry.npmjs.org/it-drain/-/it-drain-1.0.1.tgz",
			"integrity": "sha512-4aX8AsJWjRh0inNXGLa90fvxuB7vQY70WFasvskUMtpXXz8+MUH8R7PODBtn4yXCJ25ud2iRwWwa1g8DRDbrlA=="
		}
	}
}
